// !$*UTF8*$!
{
	archiveVersion = 1;
	classes = {
	};
	objectVersion = 56;
	objects = {

/* Begin PBXBuildFile section */
		B612F8062B3B5C3C009AF137 /* ScoreViewController.swift in Sources */ = {isa = PBXBuildFile; fileRef = B612F8052B3B5C3C009AF137 /* ScoreViewController.swift */; };
		B613B7582B361D7E00F87664 /* QuestionViewController.swift in Sources */ = {isa = PBXBuildFile; fileRef = B613B7572B361D7E00F87664 /* QuestionViewController.swift */; };
		B613B75A2B37014D00F87664 /* AnswerCell.swift in Sources */ = {isa = PBXBuildFile; fileRef = B613B7592B37014D00F87664 /* AnswerCell.swift */; };
		B68313DD2B28DF0700020C98 /* AppDelegate.swift in Sources */ = {isa = PBXBuildFile; fileRef = B68313DC2B28DF0700020C98 /* AppDelegate.swift */; };
		B68313DF2B28DF0700020C98 /* SceneDelegate.swift in Sources */ = {isa = PBXBuildFile; fileRef = B68313DE2B28DF0700020C98 /* SceneDelegate.swift */; };
		B68313E12B28DF0700020C98 /* ViewController.swift in Sources */ = {isa = PBXBuildFile; fileRef = B68313E02B28DF0700020C98 /* ViewController.swift */; };
		B68313E42B28DF0700020C98 /* Main.storyboard in Resources */ = {isa = PBXBuildFile; fileRef = B68313E22B28DF0700020C98 /* Main.storyboard */; };
		B68313E62B28DF0800020C98 /* Assets.xcassets in Resources */ = {isa = PBXBuildFile; fileRef = B68313E52B28DF0800020C98 /* Assets.xcassets */; };
		B68313E92B28DF0800020C98 /* LaunchScreen.storyboard in Resources */ = {isa = PBXBuildFile; fileRef = B68313E72B28DF0800020C98 /* LaunchScreen.storyboard */; };
		B68313F42B28DF0900020C98 /* millionaireApp_practice_week4Tests.swift in Sources */ = {isa = PBXBuildFile; fileRef = B68313F32B28DF0900020C98 /* millionaireApp_practice_week4Tests.swift */; };
		B68313FE2B28DF0900020C98 /* millionaireApp_practice_week4UITests.swift in Sources */ = {isa = PBXBuildFile; fileRef = B68313FD2B28DF0900020C98 /* millionaireApp_practice_week4UITests.swift */; };
		B68314002B28DF0900020C98 /* millionaireApp_practice_week4UITestsLaunchTests.swift in Sources */ = {isa = PBXBuildFile; fileRef = B68313FF2B28DF0900020C98 /* millionaireApp_practice_week4UITestsLaunchTests.swift */; };
/* End PBXBuildFile section */

/* Begin PBXContainerItemProxy section */
		B68313F02B28DF0900020C98 /* PBXContainerItemProxy */ = {
			isa = PBXContainerItemProxy;
			containerPortal = B68313D12B28DF0700020C98 /* Project object */;
			proxyType = 1;
			remoteGlobalIDString = B68313D82B28DF0700020C98;
			remoteInfo = millionaireApp.practice.week4;
		};
		B68313FA2B28DF0900020C98 /* PBXContainerItemProxy */ = {
			isa = PBXContainerItemProxy;
			containerPortal = B68313D12B28DF0700020C98 /* Project object */;
			proxyType = 1;
			remoteGlobalIDString = B68313D82B28DF0700020C98;
			remoteInfo = millionaireApp.practice.week4;
		};
/* End PBXContainerItemProxy section */

/* Begin PBXFileReference section */
		B612F8052B3B5C3C009AF137 /* ScoreViewController.swift */ = {isa = PBXFileReference; lastKnownFileType = sourcecode.swift; path = ScoreViewController.swift; sourceTree = "<group>"; };
		B613B7572B361D7E00F87664 /* QuestionViewController.swift */ = {isa = PBXFileReference; lastKnownFileType = sourcecode.swift; path = QuestionViewController.swift; sourceTree = "<group>"; };
		B613B7592B37014D00F87664 /* AnswerCell.swift */ = {isa = PBXFileReference; lastKnownFileType = sourcecode.swift; path = AnswerCell.swift; sourceTree = "<group>"; };
		B68313D92B28DF0700020C98 /* millionaireApp.practice.week4.app */ = {isa = PBXFileReference; explicitFileType = wrapper.application; includeInIndex = 0; path = millionaireApp.practice.week4.app; sourceTree = BUILT_PRODUCTS_DIR; };
		B68313DC2B28DF0700020C98 /* AppDelegate.swift */ = {isa = PBXFileReference; lastKnownFileType = sourcecode.swift; path = AppDelegate.swift; sourceTree = "<group>"; };
		B68313DE2B28DF0700020C98 /* SceneDelegate.swift */ = {isa = PBXFileReference; lastKnownFileType = sourcecode.swift; path = SceneDelegate.swift; sourceTree = "<group>"; };
		B68313E02B28DF0700020C98 /* ViewController.swift */ = {isa = PBXFileReference; lastKnownFileType = sourcecode.swift; path = ViewController.swift; sourceTree = "<group>"; };
		B68313E32B28DF0700020C98 /* Base */ = {isa = PBXFileReference; lastKnownFileType = file.storyboard; name = Base; path = Base.lproj/Main.storyboard; sourceTree = "<group>"; };
		B68313E52B28DF0800020C98 /* Assets.xcassets */ = {isa = PBXFileReference; lastKnownFileType = folder.assetcatalog; path = Assets.xcassets; sourceTree = "<group>"; };
		B68313E82B28DF0800020C98 /* Base */ = {isa = PBXFileReference; lastKnownFileType = file.storyboard; name = Base; path = Base.lproj/LaunchScreen.storyboard; sourceTree = "<group>"; };
		B68313EA2B28DF0800020C98 /* Info.plist */ = {isa = PBXFileReference; lastKnownFileType = text.plist.xml; path = Info.plist; sourceTree = "<group>"; };
		B68313EF2B28DF0900020C98 /* millionaireApp.practice.week4Tests.xctest */ = {isa = PBXFileReference; explicitFileType = wrapper.cfbundle; includeInIndex = 0; path = millionaireApp.practice.week4Tests.xctest; sourceTree = BUILT_PRODUCTS_DIR; };
		B68313F32B28DF0900020C98 /* millionaireApp_practice_week4Tests.swift */ = {isa = PBXFileReference; lastKnownFileType = sourcecode.swift; path = millionaireApp_practice_week4Tests.swift; sourceTree = "<group>"; };
		B68313F92B28DF0900020C98 /* millionaireApp.practice.week4UITests.xctest */ = {isa = PBXFileReference; explicitFileType = wrapper.cfbundle; includeInIndex = 0; path = millionaireApp.practice.week4UITests.xctest; sourceTree = BUILT_PRODUCTS_DIR; };
		B68313FD2B28DF0900020C98 /* millionaireApp_practice_week4UITests.swift */ = {isa = PBXFileReference; lastKnownFileType = sourcecode.swift; path = millionaireApp_practice_week4UITests.swift; sourceTree = "<group>"; };
		B68313FF2B28DF0900020C98 /* millionaireApp_practice_week4UITestsLaunchTests.swift */ = {isa = PBXFileReference; lastKnownFileType = sourcecode.swift; path = millionaireApp_practice_week4UITestsLaunchTests.swift; sourceTree = "<group>"; };
/* End PBXFileReference section */

/* Begin PBXFrameworksBuildPhase section */
		B68313D62B28DF0700020C98 /* Frameworks */ = {
			isa = PBXFrameworksBuildPhase;
			buildActionMask = 2147483647;
			files = (
			);
			runOnlyForDeploymentPostprocessing = 0;
		};
		B68313EC2B28DF0900020C98 /* Frameworks */ = {
			isa = PBXFrameworksBuildPhase;
			buildActionMask = 2147483647;
			files = (
			);
			runOnlyForDeploymentPostprocessing = 0;
		};
		B68313F62B28DF0900020C98 /* Frameworks */ = {
			isa = PBXFrameworksBuildPhase;
			buildActionMask = 2147483647;
			files = (
			);
			runOnlyForDeploymentPostprocessing = 0;
		};
/* End PBXFrameworksBuildPhase section */

/* Begin PBXGroup section */
		B68313D02B28DF0700020C98 = {
			isa = PBXGroup;
			children = (
				B68313DB2B28DF0700020C98 /* millionaireApp.practice.week4 */,
				B68313F22B28DF0900020C98 /* millionaireApp.practice.week4Tests */,
				B68313FC2B28DF0900020C98 /* millionaireApp.practice.week4UITests */,
				B68313DA2B28DF0700020C98 /* Products */,
			);
			sourceTree = "<group>";
		};
		B68313DA2B28DF0700020C98 /* Products */ = {
			isa = PBXGroup;
			children = (
				B68313D92B28DF0700020C98 /* millionaireApp.practice.week4.app */,
				B68313EF2B28DF0900020C98 /* millionaireApp.practice.week4Tests.xctest */,
				B68313F92B28DF0900020C98 /* millionaireApp.practice.week4UITests.xctest */,
			);
			name = Products;
			sourceTree = "<group>";
		};
		B68313DB2B28DF0700020C98 /* millionaireApp.practice.week4 */ = {
			isa = PBXGroup;
			children = (
				B68313DC2B28DF0700020C98 /* AppDelegate.swift */,
				B68313DE2B28DF0700020C98 /* SceneDelegate.swift */,
				B68313E02B28DF0700020C98 /* ViewController.swift */,
				B613B7572B361D7E00F87664 /* QuestionViewController.swift */,
				B612F8052B3B5C3C009AF137 /* ScoreViewController.swift */,
				B613B7592B37014D00F87664 /* AnswerCell.swift */,
				B68313E22B28DF0700020C98 /* Main.storyboard */,
				B68313E52B28DF0800020C98 /* Assets.xcassets */,
				B68313E72B28DF0800020C98 /* LaunchScreen.storyboard */,
				B68313EA2B28DF0800020C98 /* Info.plist */,
			);
			path = millionaireApp.practice.week4;
			sourceTree = "<group>";
		};
		B68313F22B28DF0900020C98 /* millionaireApp.practice.week4Tests */ = {
			isa = PBXGroup;
			children = (
				B68313F32B28DF0900020C98 /* millionaireApp_practice_week4Tests.swift */,
			);
			path = millionaireApp.practice.week4Tests;
			sourceTree = "<group>";
		};
		B68313FC2B28DF0900020C98 /* millionaireApp.practice.week4UITests */ = {
			isa = PBXGroup;
			children = (
				B68313FD2B28DF0900020C98 /* millionaireApp_practice_week4UITests.swift */,
				B68313FF2B28DF0900020C98 /* millionaireApp_practice_week4UITestsLaunchTests.swift */,
			);
			path = millionaireApp.practice.week4UITests;
			sourceTree = "<group>";
		};
/* End PBXGroup section */

/* Begin PBXNativeTarget section */
		B68313D82B28DF0700020C98 /* millionaireApp.practice.week4 */ = {
			isa = PBXNativeTarget;
			buildConfigurationList = B68314032B28DF0900020C98 /* Build configuration list for PBXNativeTarget "millionaireApp.practice.week4" */;
			buildPhases = (
				B68313D52B28DF0700020C98 /* Sources */,
				B68313D62B28DF0700020C98 /* Frameworks */,
				B68313D72B28DF0700020C98 /* Resources */,
			);
			buildRules = (
			);
			dependencies = (
			);
			name = millionaireApp.practice.week4;
			productName = millionaireApp.practice.week4;
			productReference = B68313D92B28DF0700020C98 /* millionaireApp.practice.week4.app */;
			productType = "com.apple.product-type.application";
		};
		B68313EE2B28DF0900020C98 /* millionaireApp.practice.week4Tests */ = {
			isa = PBXNativeTarget;
			buildConfigurationList = B68314062B28DF0900020C98 /* Build configuration list for PBXNativeTarget "millionaireApp.practice.week4Tests" */;
			buildPhases = (
				B68313EB2B28DF0900020C98 /* Sources */,
				B68313EC2B28DF0900020C98 /* Frameworks */,
				B68313ED2B28DF0900020C98 /* Resources */,
			);
			buildRules = (
			);
			dependencies = (
				B68313F12B28DF0900020C98 /* PBXTargetDependency */,
			);
			name = millionaireApp.practice.week4Tests;
			productName = millionaireApp.practice.week4Tests;
			productReference = B68313EF2B28DF0900020C98 /* millionaireApp.practice.week4Tests.xctest */;
			productType = "com.apple.product-type.bundle.unit-test";
		};
		B68313F82B28DF0900020C98 /* millionaireApp.practice.week4UITests */ = {
			isa = PBXNativeTarget;
			buildConfigurationList = B68314092B28DF0900020C98 /* Build configuration list for PBXNativeTarget "millionaireApp.practice.week4UITests" */;
			buildPhases = (
				B68313F52B28DF0900020C98 /* Sources */,
				B68313F62B28DF0900020C98 /* Frameworks */,
				B68313F72B28DF0900020C98 /* Resources */,
			);
			buildRules = (
			);
			dependencies = (
				B68313FB2B28DF0900020C98 /* PBXTargetDependency */,
			);
			name = millionaireApp.practice.week4UITests;
			productName = millionaireApp.practice.week4UITests;
			productReference = B68313F92B28DF0900020C98 /* millionaireApp.practice.week4UITests.xctest */;
			productType = "com.apple.product-type.bundle.ui-testing";
		};
/* End PBXNativeTarget section */

/* Begin PBXProject section */
		B68313D12B28DF0700020C98 /* Project object */ = {
			isa = PBXProject;
			attributes = {
				BuildIndependentTargetsInParallel = 1;
				LastSwiftUpdateCheck = 1500;
				LastUpgradeCheck = 1500;
				TargetAttributes = {
					B68313D82B28DF0700020C98 = {
						CreatedOnToolsVersion = 15.0.1;
					};
					B68313EE2B28DF0900020C98 = {
						CreatedOnToolsVersion = 15.0.1;
						TestTargetID = B68313D82B28DF0700020C98;
					};
					B68313F82B28DF0900020C98 = {
						CreatedOnToolsVersion = 15.0.1;
						TestTargetID = B68313D82B28DF0700020C98;
					};
				};
			};
			buildConfigurationList = B68313D42B28DF0700020C98 /* Build configuration list for PBXProject "millionaireApp.practice.week4" */;
			compatibilityVersion = "Xcode 14.0";
			developmentRegion = en;
			hasScannedForEncodings = 0;
			knownRegions = (
				en,
				Base,
			);
			mainGroup = B68313D02B28DF0700020C98;
			productRefGroup = B68313DA2B28DF0700020C98 /* Products */;
			projectDirPath = "";
			projectRoot = "";
			targets = (
				B68313D82B28DF0700020C98 /* millionaireApp.practice.week4 */,
				B68313EE2B28DF0900020C98 /* millionaireApp.practice.week4Tests */,
				B68313F82B28DF0900020C98 /* millionaireApp.practice.week4UITests */,
			);
		};
/* End PBXProject section */

/* Begin PBXResourcesBuildPhase section */
		B68313D72B28DF0700020C98 /* Resources */ = {
			isa = PBXResourcesBuildPhase;
			buildActionMask = 2147483647;
			files = (
				B68313E92B28DF0800020C98 /* LaunchScreen.storyboard in Resources */,
				B68313E62B28DF0800020C98 /* Assets.xcassets in Resources */,
				B68313E42B28DF0700020C98 /* Main.storyboard in Resources */,
			);
			runOnlyForDeploymentPostprocessing = 0;
		};
		B68313ED2B28DF0900020C98 /* Resources */ = {
			isa = PBXResourcesBuildPhase;
			buildActionMask = 2147483647;
			files = (
			);
			runOnlyForDeploymentPostprocessing = 0;
		};
		B68313F72B28DF0900020C98 /* Resources */ = {
			isa = PBXResourcesBuildPhase;
			buildActionMask = 2147483647;
			files = (
			);
			runOnlyForDeploymentPostprocessing = 0;
		};
/* End PBXResourcesBuildPhase section */

/* Begin PBXSourcesBuildPhase section */
		B68313D52B28DF0700020C98 /* Sources */ = {
			isa = PBXSourcesBuildPhase;
			buildActionMask = 2147483647;
			files = (
				B68313E12B28DF0700020C98 /* ViewController.swift in Sources */,
				B68313DD2B28DF0700020C98 /* AppDelegate.swift in Sources */,
				B613B7582B361D7E00F87664 /* QuestionViewController.swift in Sources */,
				B68313DF2B28DF0700020C98 /* SceneDelegate.swift in Sources */,
				B613B75A2B37014D00F87664 /* AnswerCell.swift in Sources */,
				B612F8062B3B5C3C009AF137 /* ScoreViewController.swift in Sources */,
			);
			runOnlyForDeploymentPostprocessing = 0;
		};
		B68313EB2B28DF0900020C98 /* Sources */ = {
			isa = PBXSourcesBuildPhase;
			buildActionMask = 2147483647;
			files = (
				B68313F42B28DF0900020C98 /* millionaireApp_practice_week4Tests.swift in Sources */,
			);
			runOnlyForDeploymentPostprocessing = 0;
		};
		B68313F52B28DF0900020C98 /* Sources */ = {
			isa = PBXSourcesBuildPhase;
			buildActionMask = 2147483647;
			files = (
				B68314002B28DF0900020C98 /* millionaireApp_practice_week4UITestsLaunchTests.swift in Sources */,
				B68313FE2B28DF0900020C98 /* millionaireApp_practice_week4UITests.swift in Sources */,
			);
			runOnlyForDeploymentPostprocessing = 0;
		};
/* End PBXSourcesBuildPhase section */

/* Begin PBXTargetDependency section */
		B68313F12B28DF0900020C98 /* PBXTargetDependency */ = {
			isa = PBXTargetDependency;
			target = B68313D82B28DF0700020C98 /* millionaireApp.practice.week4 */;
			targetProxy = B68313F02B28DF0900020C98 /* PBXContainerItemProxy */;
		};
		B68313FB2B28DF0900020C98 /* PBXTargetDependency */ = {
			isa = PBXTargetDependency;
			target = B68313D82B28DF0700020C98 /* millionaireApp.practice.week4 */;
			targetProxy = B68313FA2B28DF0900020C98 /* PBXContainerItemProxy */;
		};
/* End PBXTargetDependency section */

/* Begin PBXVariantGroup section */
		B68313E22B28DF0700020C98 /* Main.storyboard */ = {
			isa = PBXVariantGroup;
			children = (
				B68313E32B28DF0700020C98 /* Base */,
			);
			name = Main.storyboard;
			sourceTree = "<group>";
		};
		B68313E72B28DF0800020C98 /* LaunchScreen.storyboard */ = {
			isa = PBXVariantGroup;
			children = (
				B68313E82B28DF0800020C98 /* Base */,
			);
			name = LaunchScreen.storyboard;
			sourceTree = "<group>";
		};
/* End PBXVariantGroup section */

/* Begin XCBuildConfiguration section */
		B68314012B28DF0900020C98 /* Debug */ = {
			isa = XCBuildConfiguration;
			buildSettings = {
				ALWAYS_SEARCH_USER_PATHS = NO;
				ASSETCATALOG_COMPILER_GENERATE_SWIFT_ASSET_SYMBOL_EXTENSIONS = YES;
				CLANG_ANALYZER_NONNULL = YES;
				CLANG_ANALYZER_NUMBER_OBJECT_CONVERSION = YES_AGGRESSIVE;
				CLANG_CXX_LANGUAGE_STANDARD = "gnu++20";
				CLANG_ENABLE_MODULES = YES;
				CLANG_ENABLE_OBJC_ARC = YES;
				CLANG_ENABLE_OBJC_WEAK = YES;
				CLANG_WARN_BLOCK_CAPTURE_AUTORELEASING = YES;
				CLANG_WARN_BOOL_CONVERSION = YES;
				CLANG_WARN_COMMA = YES;
				CLANG_WARN_CONSTANT_CONVERSION = YES;
				CLANG_WARN_DEPRECATED_OBJC_IMPLEMENTATIONS = YES;
				CLANG_WARN_DIRECT_OBJC_ISA_USAGE = YES_ERROR;
				CLANG_WARN_DOCUMENTATION_COMMENTS = YES;
				CLANG_WARN_EMPTY_BODY = YES;
				CLANG_WARN_ENUM_CONVERSION = YES;
				CLANG_WARN_INFINITE_RECURSION = YES;
				CLANG_WARN_INT_CONVERSION = YES;
				CLANG_WARN_NON_LITERAL_NULL_CONVERSION = YES;
				CLANG_WARN_OBJC_IMPLICIT_RETAIN_SELF = YES;
				CLANG_WARN_OBJC_LITERAL_CONVERSION = YES;
				CLANG_WARN_OBJC_ROOT_CLASS = YES_ERROR;
				CLANG_WARN_QUOTED_INCLUDE_IN_FRAMEWORK_HEADER = YES;
				CLANG_WARN_RANGE_LOOP_ANALYSIS = YES;
				CLANG_WARN_STRICT_PROTOTYPES = YES;
				CLANG_WARN_SUSPICIOUS_MOVE = YES;
				CLANG_WARN_UNGUARDED_AVAILABILITY = YES_AGGRESSIVE;
				CLANG_WARN_UNREACHABLE_CODE = YES;
				CLANG_WARN__DUPLICATE_METHOD_MATCH = YES;
				COPY_PHASE_STRIP = NO;
				DEBUG_INFORMATION_FORMAT = dwarf;
				ENABLE_STRICT_OBJC_MSGSEND = YES;
				ENABLE_TESTABILITY = YES;
				ENABLE_USER_SCRIPT_SANDBOXING = YES;
				GCC_C_LANGUAGE_STANDARD = gnu17;
				GCC_DYNAMIC_NO_PIC = NO;
				GCC_NO_COMMON_BLOCKS = YES;
				GCC_OPTIMIZATION_LEVEL = 0;
				GCC_PREPROCESSOR_DEFINITIONS = (
					"DEBUG=1",
					"$(inherited)",
				);
				GCC_WARN_64_TO_32_BIT_CONVERSION = YES;
				GCC_WARN_ABOUT_RETURN_TYPE = YES_ERROR;
				GCC_WARN_UNDECLARED_SELECTOR = YES;
				GCC_WARN_UNINITIALIZED_AUTOS = YES_AGGRESSIVE;
				GCC_WARN_UNUSED_FUNCTION = YES;
				GCC_WARN_UNUSED_VARIABLE = YES;
				IPHONEOS_DEPLOYMENT_TARGET = 17.0;
				LOCALIZATION_PREFERS_STRING_CATALOGS = YES;
				MTL_ENABLE_DEBUG_INFO = INCLUDE_SOURCE;
				MTL_FAST_MATH = YES;
				ONLY_ACTIVE_ARCH = YES;
				SDKROOT = iphoneos;
				SWIFT_ACTIVE_COMPILATION_CONDITIONS = "DEBUG $(inherited)";
				SWIFT_OPTIMIZATION_LEVEL = "-Onone";
			};
			name = Debug;
		};
		B68314022B28DF0900020C98 /* Release */ = {
			isa = XCBuildConfiguration;
			buildSettings = {
				ALWAYS_SEARCH_USER_PATHS = NO;
				ASSETCATALOG_COMPILER_GENERATE_SWIFT_ASSET_SYMBOL_EXTENSIONS = YES;
				CLANG_ANALYZER_NONNULL = YES;
				CLANG_ANALYZER_NUMBER_OBJECT_CONVERSION = YES_AGGRESSIVE;
				CLANG_CXX_LANGUAGE_STANDARD = "gnu++20";
				CLANG_ENABLE_MODULES = YES;
				CLANG_ENABLE_OBJC_ARC = YES;
				CLANG_ENABLE_OBJC_WEAK = YES;
				CLANG_WARN_BLOCK_CAPTURE_AUTORELEASING = YES;
				CLANG_WARN_BOOL_CONVERSION = YES;
				CLANG_WARN_COMMA = YES;
				CLANG_WARN_CONSTANT_CONVERSION = YES;
				CLANG_WARN_DEPRECATED_OBJC_IMPLEMENTATIONS = YES;
				CLANG_WARN_DIRECT_OBJC_ISA_USAGE = YES_ERROR;
				CLANG_WARN_DOCUMENTATION_COMMENTS = YES;
				CLANG_WARN_EMPTY_BODY = YES;
				CLANG_WARN_ENUM_CONVERSION = YES;
				CLANG_WARN_INFINITE_RECURSION = YES;
				CLANG_WARN_INT_CONVERSION = YES;
				CLANG_WARN_NON_LITERAL_NULL_CONVERSION = YES;
				CLANG_WARN_OBJC_IMPLICIT_RETAIN_SELF = YES;
				CLANG_WARN_OBJC_LITERAL_CONVERSION = YES;
				CLANG_WARN_OBJC_ROOT_CLASS = YES_ERROR;
				CLANG_WARN_QUOTED_INCLUDE_IN_FRAMEWORK_HEADER = YES;
				CLANG_WARN_RANGE_LOOP_ANALYSIS = YES;
				CLANG_WARN_STRICT_PROTOTYPES = YES;
				CLANG_WARN_SUSPICIOUS_MOVE = YES;
				CLANG_WARN_UNGUARDED_AVAILABILITY = YES_AGGRESSIVE;
				CLANG_WARN_UNREACHABLE_CODE = YES;
				CLANG_WARN__DUPLICATE_METHOD_MATCH = YES;
				COPY_PHASE_STRIP = NO;
				DEBUG_INFORMATION_FORMAT = "dwarf-with-dsym";
				ENABLE_NS_ASSERTIONS = NO;
				ENABLE_STRICT_OBJC_MSGSEND = YES;
				ENABLE_USER_SCRIPT_SANDBOXING = YES;
				GCC_C_LANGUAGE_STANDARD = gnu17;
				GCC_NO_COMMON_BLOCKS = YES;
				GCC_WARN_64_TO_32_BIT_CONVERSION = YES;
				GCC_WARN_ABOUT_RETURN_TYPE = YES_ERROR;
				GCC_WARN_UNDECLARED_SELECTOR = YES;
				GCC_WARN_UNINITIALIZED_AUTOS = YES_AGGRESSIVE;
				GCC_WARN_UNUSED_FUNCTION = YES;
				GCC_WARN_UNUSED_VARIABLE = YES;
				IPHONEOS_DEPLOYMENT_TARGET = 17.0;
				LOCALIZATION_PREFERS_STRING_CATALOGS = YES;
				MTL_ENABLE_DEBUG_INFO = NO;
				MTL_FAST_MATH = YES;
				SDKROOT = iphoneos;
				SWIFT_COMPILATION_MODE = wholemodule;
				VALIDATE_PRODUCT = YES;
			};
			name = Release;
		};
		B68314042B28DF0900020C98 /* Debug */ = {
			isa = XCBuildConfiguration;
			buildSettings = {
				ASSETCATALOG_COMPILER_APPICON_NAME = AppIcon;
				ASSETCATALOG_COMPILER_GLOBAL_ACCENT_COLOR_NAME = AccentColor;
				CODE_SIGN_STYLE = Automatic;
				CURRENT_PROJECT_VERSION = 1;
				GENERATE_INFOPLIST_FILE = YES;
				INFOPLIST_FILE = millionaireApp.practice.week4/Info.plist;
				INFOPLIST_KEY_UIApplicationSupportsIndirectInputEvents = YES;
				INFOPLIST_KEY_UILaunchStoryboardName = LaunchScreen.storyboard;
				INFOPLIST_KEY_UIMainStoryboardFile = Main;
				INFOPLIST_KEY_UISupportedInterfaceOrientations_iPad = "UIInterfaceOrientationPortrait UIInterfaceOrientationPortraitUpsideDown UIInterfaceOrientationLandscapeLeft UIInterfaceOrientationLandscapeRight";
				INFOPLIST_KEY_UISupportedInterfaceOrientations_iPhone = "UIInterfaceOrientationPortrait UIInterfaceOrientationLandscapeLeft UIInterfaceOrientationLandscapeRight";
				LD_RUNPATH_SEARCH_PATHS = (
					"$(inherited)",
					"@executable_path/Frameworks",
				);
				MARKETING_VERSION = 1.0;
				PRODUCT_BUNDLE_IDENTIFIER = "sdm.millionaireApp-practice-week4";
				PRODUCT_NAME = "$(TARGET_NAME)";
				SWIFT_EMIT_LOC_STRINGS = YES;
				SWIFT_VERSION = 5.0;
				TARGETED_DEVICE_FAMILY = "1,2";
			};
			name = Debug;
		};
		B68314052B28DF0900020C98 /* Release */ = {
			isa = XCBuildConfiguration;
			buildSettings = {
				ASSETCATALOG_COMPILER_APPICON_NAME = AppIcon;
				ASSETCATALOG_COMPILER_GLOBAL_ACCENT_COLOR_NAME = AccentColor;
				CODE_SIGN_STYLE = Automatic;
				CURRENT_PROJECT_VERSION = 1;
				GENERATE_INFOPLIST_FILE = YES;
				INFOPLIST_FILE = millionaireApp.practice.week4/Info.plist;
				INFOPLIST_KEY_UIApplicationSupportsIndirectInputEvents = YES;
				INFOPLIST_KEY_UILaunchStoryboardName = LaunchScreen.storyboard;
				INFOPLIST_KEY_UIMainStoryboardFile = Main;
				INFOPLIST_KEY_UISupportedInterfaceOrientations_iPad = "UIInterfaceOrientationPortrait UIInterfaceOrientationPortraitUpsideDown UIInterfaceOrientationLandscapeLeft UIInterfaceOrientationLandscapeRight";
				INFOPLIST_KEY_UISupportedInterfaceOrientations_iPhone = "UIInterfaceOrientationPortrait UIInterfaceOrientationLandscapeLeft UIInterfaceOrientationLandscapeRight";
				LD_RUNPATH_SEARCH_PATHS = (
					"$(inherited)",
					"@executable_path/Frameworks",
				);
				MARKETING_VERSION = 1.0;
				PRODUCT_BUNDLE_IDENTIFIER = "sdm.millionaireApp-practice-week4";
				PRODUCT_NAME = "$(TARGET_NAME)";
				SWIFT_EMIT_LOC_STRINGS = YES;
				SWIFT_VERSION = 5.0;
				TARGETED_DEVICE_FAMILY = "1,2";
			};
			name = Release;
		};
		B68314072B28DF0900020C98 /* Debug */ = {
			isa = XCBuildConfiguration;
			buildSettings = {
				ALWAYS_EMBED_SWIFT_STANDARD_LIBRARIES = YES;
				BUNDLE_LOADER = "$(TEST_HOST)";
				CODE_SIGN_STYLE = Automatic;
				CURRENT_PROJECT_VERSION = 1;
				GENERATE_INFOPLIST_FILE = YES;
				IPHONEOS_DEPLOYMENT_TARGET = 17.0;
				MARKETING_VERSION = 1.0;
				PRODUCT_BUNDLE_IDENTIFIER = "sdm.millionaireApp-practice-week4Tests";
				PRODUCT_NAME = "$(TARGET_NAME)";
				SWIFT_EMIT_LOC_STRINGS = NO;
				SWIFT_VERSION = 5.0;
				TARGETED_DEVICE_FAMILY = "1,2";
				TEST_HOST = "$(BUILT_PRODUCTS_DIR)/millionaireApp.practice.week4.app/$(BUNDLE_EXECUTABLE_FOLDER_PATH)/millionaireApp.practice.week4";
			};
			name = Debug;
		};
		B68314082B28DF0900020C98 /* Release */ = {
			isa = XCBuildConfiguration;
			buildSettings = {
				ALWAYS_EMBED_SWIFT_STANDARD_LIBRARIES = YES;
				BUNDLE_LOADER = "$(TEST_HOST)";
				CODE_SIGN_STYLE = Automatic;
				CURRENT_PROJECT_VERSION = 1;
				GENERATE_INFOPLIST_FILE = YES;
				IPHONEOS_DEPLOYMENT_TARGET = 17.0;
				MARKETING_VERSION = 1.0;
				PRODUCT_BUNDLE_IDENTIFIER = "sdm.millionaireApp-practice-week4Tests";
				PRODUCT_NAME = "$(TARGET_NAME)";
				SWIFT_EMIT_LOC_STRINGS = NO;
				SWIFT_VERSION = 5.0;
				TARGETED_DEVICE_FAMILY = "1,2";
				TEST_HOST = "$(BUILT_PRODUCTS_DIR)/millionaireApp.practice.week4.app/$(BUNDLE_EXECUTABLE_FOLDER_PATH)/millionaireApp.practice.week4";
			};
			name = Release;
		};
		B683140A2B28DF0900020C98 /* Debug */ = {
			isa = XCBuildConfiguration;
			buildSettings = {
				ALWAYS_EMBED_SWIFT_STANDARD_LIBRARIES = YES;
				CODE_SIGN_STYLE = Automatic;
				CURRENT_PROJECT_VERSION = 1;
				GENERATE_INFOPLIST_FILE = YES;
				MARKETING_VERSION = 1.0;
				PRODUCT_BUNDLE_IDENTIFIER = "sdm.millionaireApp-practice-week4UITests";
				PRODUCT_NAME = "$(TARGET_NAME)";
				SWIFT_EMIT_LOC_STRINGS = NO;
				SWIFT_VERSION = 5.0;
				TARGETED_DEVICE_FAMILY = "1,2";
				TEST_TARGET_NAME = millionaireApp.practice.week4;
			};
			name = Debug;
		};
		B683140B2B28DF0900020C98 /* Release */ = {
			isa = XCBuildConfiguration;
			buildSettings = {
				ALWAYS_EMBED_SWIFT_STANDARD_LIBRARIES = YES;
				CODE_SIGN_STYLE = Automatic;
				CURRENT_PROJECT_VERSION = 1;
				GENERATE_INFOPLIST_FILE = YES;
				MARKETING_VERSION = 1.0;
				PRODUCT_BUNDLE_IDENTIFIER = "sdm.millionaireApp-practice-week4UITests";
				PRODUCT_NAME = "$(TARGET_NAME)";
				SWIFT_EMIT_LOC_STRINGS = NO;
				SWIFT_VERSION = 5.0;
				TARGETED_DEVICE_FAMILY = "1,2";
				TEST_TARGET_NAME = millionaireApp.practice.week4;
			};
			name = Release;
		};
/* End XCBuildConfiguration section */

/* Begin XCConfigurationList section */
		B68313D42B28DF0700020C98 /* Build configuration list for PBXProject "millionaireApp.practice.week4" */ = {
			isa = XCConfigurationList;
			buildConfigurations = (
				B68314012B28DF0900020C98 /* Debug */,
				B68314022B28DF0900020C98 /* Release */,
			);
			defaultConfigurationIsVisible = 0;
			defaultConfigurationName = Release;
		};
		B68314032B28DF0900020C98 /* Build configuration list for PBXNativeTarget "millionaireApp.practice.week4" */ = {
			isa = XCConfigurationList;
			buildConfigurations = (
				B68314042B28DF0900020C98 /* Debug */,
				B68314052B28DF0900020C98 /* Release */,
			);
			defaultConfigurationIsVisible = 0;
			defaultConfigurationName = Release;
		};
		B68314062B28DF0900020C98 /* Build configuration list for PBXNativeTarget "millionaireApp.practice.week4Tests" */ = {
			isa = XCConfigurationList;
			buildConfigurations = (
				B68314072B28DF0900020C98 /* Debug */,
				B68314082B28DF0900020C98 /* Release */,
			);
			defaultConfigurationIsVisible = 0;
			defaultConfigurationName = Release;
		};
		B68314092B28DF0900020C98 /* Build configuration list for PBXNativeTarget "millionaireApp.practice.week4UITests" */ = {
			isa = XCConfigurationList;
			buildConfigurations = (
				B683140A2B28DF0900020C98 /* Debug */,
				B683140B2B28DF0900020C98 /* Release */,
			);
			defaultConfigurationIsVisible = 0;
			defaultConfigurationName = Release;
		};
/* End XCConfigurationList section */
	};
	rootObject = B68313D12B28DF0700020C98 /* Project object */;
}
